
Microsoft Visual Studio Solution File, Format Version 12.00
# Visual Studio Version 16
VisualStudioVersion = 16.0.30621.155
MinimumVisualStudioVersion = 10.0.40219.1
Project("{FAE04EC0-301F-11D3-BF4B-00C04F79EFBC}") = "cSharp0902Task", "cSharp0902Task\cSharp0902Task.csproj", "{9EE63210-1871-4C6F-A9E7-CD21139F73DD}"
EndProject
Global
	GlobalSection(SolutionConfigurationPlatforms) = preSolution
		Debug|Any CPU = Debug|Any CPU
		Release|Any CPU = Release|Any CPU
	EndGlobalSection
	GlobalSection(ProjectConfigurationPlatforms) = postSolution
		{9EE63210-1871-4C6F-A9E7-CD21139F73DD}.Debug|Any CPU.ActiveCfg = Debug|Any CPU
		{9EE63210-1871-4C6F-A9E7-CD21139F73DD}.Debug|Any CPU.Build.0 = Debug|Any CPU
		{9EE63210-1871-4C6F-A9E7-CD21139F73DD}.Release|Any CPU.ActiveCfg = Release|Any CPU
		{9EE63210-1871-4C6F-A9E7-CD21139F73DD}.Release|Any CPU.Build.0 = Release|Any CPU
	EndGlobalSection
	GlobalSection(SolutionProperties) = preSolution
		HideSolutionNode = FALSE
	EndGlobalSection
	GlobalSection(ExtensibilityGlobals) = postSolution
		SolutionGuid = {BF6B5D11-F7C9-4AA6-B029-EC7C00AB0376}
	EndGlobalSection
EndGlobal
